
Microsoft Visual Studio Solution File, Format Version 12.00
# Visual Studio Version 17
VisualStudioVersion = 17.6.33829.357
MinimumVisualStudioVersion = 10.0.40219.1
Project("{8BC9CEB8-8B4A-11D0-8D11-00A0C91BC942}") = "Pong", "Pong.vcxproj", "{4BDC2487-3BE8-47CE-BA7D-87B96D22A51B}"
EndProject
Global
	GlobalSection(SolutionConfigurationPlatforms) = preSolution
		Debug|x64 = Debug|x64
		Debug|x86 = Debug|x86
		Release|x64 = Release|x64
		Release|x86 = Release|x86
	EndGlobalSection
	GlobalSection(ProjectConfigurationPlatforms) = postSolution
		{4BDC2487-3BE8-47CE-BA7D-87B96D22A51B}.Debug|x64.ActiveCfg = Debug|x64
		{4BDC2487-3BE8-47CE-BA7D-87B96D22A51B}.Debug|x64.Build.0 = Debug|x64
		{4BDC2487-3BE8-47CE-BA7D-87B96D22A51B}.Debug|x86.ActiveCfg = Debug|Win32
		{4BDC2487-3BE8-47CE-BA7D-87B96D22A51B}.Debug|x86.Build.0 = Debug|Win32
		{4BDC2487-3BE8-47CE-BA7D-87B96D22A51B}.Release|x64.ActiveCfg = Release|x64
		{4BDC2487-3BE8-47CE-BA7D-87B96D22A51B}.Release|x64.Build.0 = Release|x64
		{4BDC2487-3BE8-47CE-BA7D-87B96D22A51B}.Release|x86.ActiveCfg = Release|Win32
		{4BDC2487-3BE8-47CE-BA7D-87B96D22A51B}.Release|x86.Build.0 = Release|Win32
	EndGlobalSection
	GlobalSection(SolutionProperties) = preSolution
		HideSolutionNode = FALSE
	EndGlobalSection
	GlobalSection(ExtensibilityGlobals) = postSolution
		SolutionGuid = {01A0D220-5769-4BA3-9923-ADEA7B121B5C}
	EndGlobalSection
EndGlobal
